
Microsoft Visual Studio Solution File, Format Version 12.00
# Visual Studio 15
VisualStudioVersion = 15.0.27130.2027
MinimumVisualStudioVersion = 10.0.40219.1
Project("{888888A0-9F3D-457C-B088-3A5042F75D52}") = "MNIST_CNN", "MNIST_CNN\MNIST_CNN.pyproj", "{E25EA5F4-658D-4BC9-84DF-97DEB3455679}"
EndProject
Global
	GlobalSection(SolutionConfigurationPlatforms) = preSolution
		Debug|Any CPU = Debug|Any CPU
		Release|Any CPU = Release|Any CPU
	EndGlobalSection
	GlobalSection(ProjectConfigurationPlatforms) = postSolution
		{E25EA5F4-658D-4BC9-84DF-97DEB3455679}.Debug|Any CPU.ActiveCfg = Debug|Any CPU
		{E25EA5F4-658D-4BC9-84DF-97DEB3455679}.Release|Any CPU.ActiveCfg = Release|Any CPU
	EndGlobalSection
	GlobalSection(SolutionProperties) = preSolution
		HideSolutionNode = FALSE
	EndGlobalSection
	GlobalSection(ExtensibilityGlobals) = postSolution
		SolutionGuid = {205D878D-3B69-4F8E-A1C5-196D084C68BF}
	EndGlobalSection
EndGlobal
